
Microsoft Visual Studio Solution File, Format Version 12.00
# Visual Studio Version 16
VisualStudioVersion = 16.0.30413.136
MinimumVisualStudioVersion = 10.0.40219.1
Project("{FAE04EC0-301F-11D3-BF4B-00C04F79EFBC}") = "EmployeeMigration", "EmployeeMigration\EmployeeMigration.csproj", "{0EC87C33-C248-4B36-AA1B-0507D1B018DE}"
EndProject
Project("{FAE04EC0-301F-11D3-BF4B-00C04F79EFBC}") = "Console", "Console\Console.csproj", "{9B15674C-8ACA-4F9F-B857-F6101EE95B49}"
EndProject
Project("{FAE04EC0-301F-11D3-BF4B-00C04F79EFBC}") = "DeltaProcessHelper", "DeltaProcessHelper\DeltaProcessHelper.csproj", "{515AFD31-6928-4D26-BBB3-EB74433EDF8D}"
EndProject
Project("{FAE04EC0-301F-11D3-BF4B-00C04F79EFBC}") = "OffenderToolbox", "OffenderToolbox\OffenderToolbox.csproj", "{D6F51C05-479F-44AE-AC38-A01B5031C9CC}"
EndProject
Global
	GlobalSection(SolutionConfigurationPlatforms) = preSolution
		Debug|Any CPU = Debug|Any CPU
		Release|Any CPU = Release|Any CPU
	EndGlobalSection
	GlobalSection(ProjectConfigurationPlatforms) = postSolution
		{0EC87C33-C248-4B36-AA1B-0507D1B018DE}.Debug|Any CPU.ActiveCfg = Debug|Any CPU
		{0EC87C33-C248-4B36-AA1B-0507D1B018DE}.Debug|Any CPU.Build.0 = Debug|Any CPU
		{0EC87C33-C248-4B36-AA1B-0507D1B018DE}.Release|Any CPU.ActiveCfg = Release|Any CPU
		{0EC87C33-C248-4B36-AA1B-0507D1B018DE}.Release|Any CPU.Build.0 = Release|Any CPU
		{9B15674C-8ACA-4F9F-B857-F6101EE95B49}.Debug|Any CPU.ActiveCfg = Debug|Any CPU
		{9B15674C-8ACA-4F9F-B857-F6101EE95B49}.Debug|Any CPU.Build.0 = Debug|Any CPU
		{9B15674C-8ACA-4F9F-B857-F6101EE95B49}.Release|Any CPU.ActiveCfg = Release|Any CPU
		{9B15674C-8ACA-4F9F-B857-F6101EE95B49}.Release|Any CPU.Build.0 = Release|Any CPU
		{515AFD31-6928-4D26-BBB3-EB74433EDF8D}.Debug|Any CPU.ActiveCfg = Debug|Any CPU
		{515AFD31-6928-4D26-BBB3-EB74433EDF8D}.Debug|Any CPU.Build.0 = Debug|Any CPU
		{515AFD31-6928-4D26-BBB3-EB74433EDF8D}.Release|Any CPU.ActiveCfg = Release|Any CPU
		{515AFD31-6928-4D26-BBB3-EB74433EDF8D}.Release|Any CPU.Build.0 = Release|Any CPU
		{D6F51C05-479F-44AE-AC38-A01B5031C9CC}.Debug|Any CPU.ActiveCfg = Debug|Any CPU
		{D6F51C05-479F-44AE-AC38-A01B5031C9CC}.Debug|Any CPU.Build.0 = Debug|Any CPU
		{D6F51C05-479F-44AE-AC38-A01B5031C9CC}.Release|Any CPU.ActiveCfg = Release|Any CPU
		{D6F51C05-479F-44AE-AC38-A01B5031C9CC}.Release|Any CPU.Build.0 = Release|Any CPU
	EndGlobalSection
	GlobalSection(SolutionProperties) = preSolution
		HideSolutionNode = FALSE
	EndGlobalSection
	GlobalSection(ExtensibilityGlobals) = postSolution
		SolutionGuid = {BCFD5504-A9D8-4C8C-A9CE-9FF2C347CA17}
	EndGlobalSection
EndGlobal
